{
  "name": "llm-router",
  "version": "1.0.0",
  "lockfileVersion": 3,
  "requires": true,
  "packages": {
    "": {
      "name": "llm-router",
      "version": "1.0.0",
      "license": "ISC",
      "dependencies": {
        "@types/mock-fs": "^4.13.4",
        "bottleneck": "^2.19.5",
        "mock-fs": "^5.5.0",
        "zod": "^4.0.14"
      }
    },
    "node_modules/@types/mock-fs": {
      "version": "4.13.4",
      "resolved": "https://registry.npmjs.org/@types/mock-fs/-/mock-fs-4.13.4.tgz",
      "integrity": "sha512-mXmM0o6lULPI8z3XNnQCpL0BGxPwx1Ul1wXYEPBGl4efShyxW2Rln0JOPEWGyZaYZMM6OVXM/15zUuFMY52ljg==",
      "license": "MIT",
      "dependencies": {
        "@types/node": "*"
      }
    },
    "node_modules/@types/node": {
      "version": "24.1.0",
      "resolved": "https://registry.npmjs.org/@types/node/-/node-24.1.0.tgz",
      "integrity": "sha512-ut5FthK5moxFKH2T1CUOC6ctR67rQRvvHdFLCD2Ql6KXmMuCrjsSsRI9UsLCm9M18BMwClv4pn327UvB7eeO1w==",
      "license": "MIT",
      "dependencies": {
        "undici-types": "~7.8.0"
      }
    },
    "node_modules/bottleneck": {
      "version": "2.19.5",
      "resolved": "https://registry.npmjs.org/bottleneck/-/bottleneck-2.19.5.tgz",
      "integrity": "sha512-VHiNCbI1lKdl44tGrhNfU3lup0Tj/ZBMJB5/2ZbNXRCPuRCO7ed2mgcK4r17y+KB2EfuYuRaVlwNbAeaWGSpbw==",
      "license": "MIT"
    },
    "node_modules/mock-fs": {
      "version": "5.5.0",
      "resolved": "https://registry.npmjs.org/mock-fs/-/mock-fs-5.5.0.tgz",
      "integrity": "sha512-d/P1M/RacgM3dB0sJ8rjeRNXxtapkPCUnMGmIN0ixJ16F/E4GUZCvWcSGfWGz8eaXYvn1s9baUwNjI4LOPEjiA==",
      "license": "MIT",
      "engines": {
        "node": ">=12.0.0"
      }
    },
    "node_modules/undici-types": {
      "version": "7.8.0",
      "resolved": "https://registry.npmjs.org/undici-types/-/undici-types-7.8.0.tgz",
      "integrity": "sha512-9UJ2xGDvQ43tYyVMpuHlsgApydB8ZKfVYTsLDhXkFL/6gfkp+U8xTGdh8pMJv1SpZna0zxG1DwsKZsreLbXBxw==",
      "license": "MIT"
    },
    "node_modules/zod": {
      "version": "4.0.14",
      "resolved": "https://registry.npmjs.org/zod/-/zod-4.0.14.tgz",
      "integrity": "sha512-nGFJTnJN6cM2v9kXL+SOBq3AtjQby3Mv5ySGFof5UGRHrRioSJ5iG680cYNjE/yWk671nROcpPj4hAS8nyLhSw==",
      "license": "MIT",
      "funding": {
        "url": "https://github.com/sponsors/colinhacks"
      }
    }
  }
}
